
Microsoft Visual Studio Solution File, Format Version 11.00
# Visual Studio 2010
Project("{8BC9CEB8-8B4A-11D0-8D11-00A0C91BC942}") = "SmartReporter", "SmartReporter.vcxproj", "{A06A9009-AB2B-46E6-9097-8F6E2D1725C6}"
EndProject
Project("{8BC9CEB8-8B4A-11D0-8D11-00A0C91BC942}") = "UserDLL", "..\UserDLL\UserDLL.vcxproj", "{B20D6668-BF6F-4CD7-BF6A-354499E8D8F4}"
EndProject
Global
	GlobalSection(SolutionConfigurationPlatforms) = preSolution
		Debug|Win32 = Debug|Win32
		Release|Win32 = Release|Win32
		Unicode|Win32 = Unicode|Win32
		UnicodeRelease|Win32 = UnicodeRelease|Win32
		UserDLLUnicodeD|Win32 = UserDLLUnicodeD|Win32
		UserDLLUnicodeR|Win32 = UserDLLUnicodeR|Win32
	EndGlobalSection
	GlobalSection(ProjectConfigurationPlatforms) = postSolution
		{A06A9009-AB2B-46E6-9097-8F6E2D1725C6}.Debug|Win32.ActiveCfg = Debug|Win32
		{A06A9009-AB2B-46E6-9097-8F6E2D1725C6}.Debug|Win32.Build.0 = Debug|Win32
		{A06A9009-AB2B-46E6-9097-8F6E2D1725C6}.Release|Win32.ActiveCfg = Release|Win32
		{A06A9009-AB2B-46E6-9097-8F6E2D1725C6}.Release|Win32.Build.0 = Release|Win32
		{A06A9009-AB2B-46E6-9097-8F6E2D1725C6}.Unicode|Win32.ActiveCfg = Release|Win32
		{A06A9009-AB2B-46E6-9097-8F6E2D1725C6}.Unicode|Win32.Build.0 = Release|Win32
		{A06A9009-AB2B-46E6-9097-8F6E2D1725C6}.UnicodeRelease|Win32.ActiveCfg = Release|Win32
		{A06A9009-AB2B-46E6-9097-8F6E2D1725C6}.UnicodeRelease|Win32.Build.0 = Release|Win32
		{A06A9009-AB2B-46E6-9097-8F6E2D1725C6}.UserDLLUnicodeD|Win32.ActiveCfg = Debug|Win32
		{A06A9009-AB2B-46E6-9097-8F6E2D1725C6}.UserDLLUnicodeD|Win32.Build.0 = Debug|Win32
		{A06A9009-AB2B-46E6-9097-8F6E2D1725C6}.UserDLLUnicodeR|Win32.ActiveCfg = Release|Win32
		{B20D6668-BF6F-4CD7-BF6A-354499E8D8F4}.Debug|Win32.ActiveCfg = Debug|Win32
		{B20D6668-BF6F-4CD7-BF6A-354499E8D8F4}.Debug|Win32.Build.0 = Debug|Win32
		{B20D6668-BF6F-4CD7-BF6A-354499E8D8F4}.Release|Win32.ActiveCfg = Release|Win32
		{B20D6668-BF6F-4CD7-BF6A-354499E8D8F4}.Release|Win32.Build.0 = Release|Win32
		{B20D6668-BF6F-4CD7-BF6A-354499E8D8F4}.Unicode|Win32.ActiveCfg = Debug|Win32
		{B20D6668-BF6F-4CD7-BF6A-354499E8D8F4}.Unicode|Win32.Build.0 = Debug|Win32
		{B20D6668-BF6F-4CD7-BF6A-354499E8D8F4}.UnicodeRelease|Win32.ActiveCfg = UnicodeRelease|Win32
		{B20D6668-BF6F-4CD7-BF6A-354499E8D8F4}.UnicodeRelease|Win32.Build.0 = UnicodeRelease|Win32
		{B20D6668-BF6F-4CD7-BF6A-354499E8D8F4}.UserDLLUnicodeD|Win32.ActiveCfg = UnicodeDebug|Win32
		{B20D6668-BF6F-4CD7-BF6A-354499E8D8F4}.UserDLLUnicodeD|Win32.Build.0 = UnicodeDebug|Win32
		{B20D6668-BF6F-4CD7-BF6A-354499E8D8F4}.UserDLLUnicodeR|Win32.ActiveCfg = UserDLLUnicodeR|Win32
	EndGlobalSection
	GlobalSection(SolutionProperties) = preSolution
		HideSolutionNode = FALSE
	EndGlobalSection
EndGlobal
