<?xml version="1.0" encoding="utf-8"?>
<Project ToolsVersion="4.0" xmlns="http://schemas.microsoft.com/developer/msbuild/2003">
  <ItemGroup>
    <Filter Include="Source Files">
      <UniqueIdentifier>{4FC737F1-C7A5-4376-A066-2A32D752A2FF}</UniqueIdentifier>
      <Extensions>cpp;c;cc;cxx;def;odl;idl;hpj;bat;asm;asmx</Extensions>
    </Filter>
    <Filter Include="Header Files">
      <UniqueIdentifier>{93995380-89BD-4b04-88EB-625FBE52EBFB}</UniqueIdentifier>
      <Extensions>h;hpp;hxx;hm;inl;inc;xsd</Extensions>
    </Filter>
    <Filter Include="Resource Files">
      <UniqueIdentifier>{67DA6AB6-F800-4c08-8B7A-83BB121AAD01}</UniqueIdentifier>
      <Extensions>rc;ico;cur;bmp;dlg;rc2;rct;bin;rgs;gif;jpg;jpeg;jpe;resx;tiff;tif;png;wav</Extensions>
    </Filter>
  </ItemGroup>
  <ItemGroup>
    <ClCompile Include="BackupHistoryDlg.cpp">
      <Filter>Source Files</Filter>
    </ClCompile>
    <ClCompile Include="BMLogFileForm.cpp">
      <Filter>Source Files</Filter>
    </ClCompile>
    <ClCompile Include="BMReportForm.cpp">
      <Filter>Source Files</Filter>
    </ClCompile>
    <ClCompile Include="BMReportOptionDlg.cpp">
      <Filter>Source Files</Filter>
    </ClCompile>
    <ClCompile Include="BMReportSettingPage.cpp">
      <Filter>Source Files</Filter>
    </ClCompile>
    <ClCompile Include="..\..\..\shared\istools\extend\libcsv\src\csv_parser.cpp">
      <Filter>Source Files</Filter>
    </ClCompile>
    <ClCompile Include="..\..\..\shared\istools\extend\libcsv\src\csv_writer.cpp">
      <Filter>Source Files</Filter>
    </ClCompile>
    <ClCompile Include="DrawingPlottingForm.cpp">
      <Filter>Source Files</Filter>
    </ClCompile>
    <ClCompile Include="DrawingReportForm.cpp">
      <Filter>Source Files</Filter>
    </ClCompile>
    <ClCompile Include="DrawingReportLogFileForm.cpp">
      <Filter>Source Files</Filter>
    </ClCompile>
    <ClCompile Include="EnumPrinters.cpp">
      <Filter>Source Files</Filter>
    </ClCompile>
    <ClCompile Include="FileListCtrl.cpp">
      <Filter>Source Files</Filter>
    </ClCompile>
    <ClCompile Include="FileNameEditListBox1.cpp">
      <Filter>Source Files</Filter>
    </ClCompile>
    <ClCompile Include="GetDataFromIDFStartUpDlg.cpp">
      <Filter>Source Files</Filter>
    </ClCompile>
    <ClCompile Include="GetPds.cpp">
      <Filter>Source Files</Filter>
    </ClCompile>
    <ClCompile Include="GetPdsLineID.cpp">
      <Filter>Source Files</Filter>
    </ClCompile>
    <ClCompile Include="InPlaceEdit.cpp">
      <Filter>Source Files</Filter>
    </ClCompile>
    <ClCompile Include="InsertToPDSAttribute.cpp">
      <Filter>Source Files</Filter>
    </ClCompile>
    <ClCompile Include="IsoEditForm.cpp">
      <Filter>Source Files</Filter>
    </ClCompile>
    <ClCompile Include="IsoEditOptionDlg.cpp">
      <Filter>Source Files</Filter>
    </ClCompile>
    <ClCompile Include="IsoEditOptionDlg2.cpp">
      <Filter>Source Files</Filter>
    </ClCompile>
    <ClCompile Include="IsoEditSettingPage.cpp">
      <Filter>Source Files</Filter>
    </ClCompile>
    <ClCompile Include="IsoEditViewLogFileForm.cpp">
      <Filter>Source Files</Filter>
    </ClCompile>
    <ClCompile Include="IsoFileListCtrl.cpp">
      <Filter>Source Files</Filter>
    </ClCompile>
    <ClCompile Include="LineDataEditDlg.cpp">
      <Filter>Source Files</Filter>
    </ClCompile>
    <ClCompile Include="LineDataItemCombo.cpp">
      <Filter>Source Files</Filter>
    </ClCompile>
    <ClCompile Include="LineListSelectOption1.cpp">
      <Filter>Source Files</Filter>
    </ClCompile>
    <ClCompile Include="LineListSelectOption2.cpp">
      <Filter>Source Files</Filter>
    </ClCompile>
    <ClCompile Include="MainFrm.cpp">
      <Filter>Source Files</Filter>
    </ClCompile>
    <ClCompile Include="NtrData.cpp">
      <Filter>Source Files</Filter>
    </ClCompile>
    <ClCompile Include="Options.cpp">
      <Filter>Source Files</Filter>
    </ClCompile>
    <ClCompile Include="PDSOracle.cpp">
      <Filter>Source Files</Filter>
    </ClCompile>
    <ClCompile Include="PdTable121.cpp">
      <Filter>Source Files</Filter>
    </ClCompile>
    <ClCompile Include="PdTable122.cpp">
      <Filter>Source Files</Filter>
    </ClCompile>
    <ClCompile Include="PdTable126.cpp">
      <Filter>Source Files</Filter>
    </ClCompile>
    <ClCompile Include="Profile.cpp">
      <Filter>Source Files</Filter>
    </ClCompile>
    <ClCompile Include="QCCheck.cpp">
      <Filter>Source Files</Filter>
    </ClCompile>
    <ClCompile Include="QualifiedLineForm.cpp">
      <Filter>Source Files</Filter>
    </ClCompile>
    <ClCompile Include="RevisionItemCombo.cpp">
      <Filter>Source Files</Filter>
    </ClCompile>
    <ClCompile Include="ScintillaWnd.cpp">
      <Filter>Source Files</Filter>
    </ClCompile>
    <ClCompile Include="SelectIssueDataDlg.cpp">
      <Filter>Source Files</Filter>
    </ClCompile>
    <ClCompile Include="singleinstance.cpp">
      <Filter>Source Files</Filter>
    </ClCompile>
    <ClCompile Include="SmartISOLog.cpp">
      <Filter>Source Files</Filter>
    </ClCompile>
    <ClCompile Include="SortSettingDlg.cpp">
      <Filter>Source Files</Filter>
    </ClCompile>
    <ClCompile Include="stdafx.cpp">
      <Filter>Source Files</Filter>
    </ClCompile>
    <ClCompile Include="StringHelper.cpp">
      <Filter>Source Files</Filter>
    </ClCompile>
    <ClCompile Include="UserApp.cpp">
      <Filter>Source Files</Filter>
    </ClCompile>
    <ClCompile Include="UserAppDoc.cpp">
      <Filter>Source Files</Filter>
    </ClCompile>
    <ClCompile Include="UserAppDocData.cpp">
      <Filter>Source Files</Filter>
    </ClCompile>
    <ClCompile Include="UserAppOutputWnd.cpp">
      <Filter>Source Files</Filter>
    </ClCompile>
    <ClCompile Include="UserAppView.cpp">
      <Filter>Source Files</Filter>
    </ClCompile>
    <ClCompile Include="ViewLogFileForm.cpp">
      <Filter>Source Files</Filter>
    </ClCompile>
    <ClCompile Include="WeldDetailBMFile.cpp">
      <Filter>Source Files</Filter>
    </ClCompile>
    <ClCompile Include="WeldDiaCheck.cpp">
      <Filter>Source Files</Filter>
    </ClCompile>
    <ClCompile Include="WorkspaceWnd.cpp">
      <Filter>Source Files</Filter>
    </ClCompile>
    <ClCompile Include="WorkStatusDlg.cpp">
      <Filter>Source Files</Filter>
    </ClCompile>
    <ClCompile Include="WritePds.cpp">
      <Filter>Source Files</Filter>
    </ClCompile>
    <ClCompile Include="BMLine.cpp">
      <Filter>Source Files</Filter>
    </ClCompile>
    <ClCompile Include="BackupDataOutputForm.cpp">
      <Filter>Source Files</Filter>
    </ClCompile>
    <ClCompile Include="BackupDataForm.cpp">
      <Filter>Source Files</Filter>
    </ClCompile>
    <ClCompile Include="BitmapComboBox.cpp">
      <Filter>Source Files</Filter>
    </ClCompile>
    <ClCompile Include="MFCTextColorListCtrl.cpp">
      <Filter>Source Files</Filter>
    </ClCompile>
    <ClCompile Include="MFCButtonEx.cpp">
      <Filter>Source Files</Filter>
    </ClCompile>
    <ClCompile Include="EditLineDataForm.cpp">
      <Filter>Source Files</Filter>
    </ClCompile>
    <ClCompile Include="PropertiesWnd.cpp">
      <Filter>Source Files</Filter>
    </ClCompile>
    <ClCompile Include="IsoEditFormHolder.cpp">
      <Filter>Source Files</Filter>
    </ClCompile>
    <ClCompile Include="DgnCanvas.cpp">
      <Filter>Source Files</Filter>
    </ClCompile>
    <ClCompile Include="DgnScene.cpp">
      <Filter>Source Files</Filter>
    </ClCompile>
    <ClCompile Include="LoginDlg.cpp">
      <Filter>Source Files</Filter>
    </ClCompile>
    <ClCompile Include="ReplaceDlg.cpp">
      <Filter>Source Files</Filter>
    </ClCompile>
    <ClCompile Include="ProjectDlg.cpp">
      <Filter>Source Files</Filter>
    </ClCompile>
    <ClCompile Include="IDFFile.cpp">
      <Filter>Source Files</Filter>
    </ClCompile>
  </ItemGroup>
  <ItemGroup>
    <ClInclude Include="BackupHistoryDlg.h">
      <Filter>Header Files</Filter>
    </ClInclude>
    <ClInclude Include="BMLogFileForm.h">
      <Filter>Header Files</Filter>
    </ClInclude>
    <ClInclude Include="BMReportForm.h">
      <Filter>Header Files</Filter>
    </ClInclude>
    <ClInclude Include="BMReportOptionDlg.h">
      <Filter>Header Files</Filter>
    </ClInclude>
    <ClInclude Include="BMReportSettingPage.h">
      <Filter>Header Files</Filter>
    </ClInclude>
    <ClInclude Include="..\..\..\shared\istools\extend\libcsv\inc\csv_parser.hpp">
      <Filter>Header Files</Filter>
    </ClInclude>
    <ClInclude Include="..\..\..\shared\istools\extend\libcsv\inc\csv_writer.hpp">
      <Filter>Header Files</Filter>
    </ClInclude>
    <ClInclude Include="DrawingPlottingForm.h">
      <Filter>Header Files</Filter>
    </ClInclude>
    <ClInclude Include="DrawingReportForm.h">
      <Filter>Header Files</Filter>
    </ClInclude>
    <ClInclude Include="DrawingReportLogFileForm.h">
      <Filter>Header Files</Filter>
    </ClInclude>
    <ClInclude Include="EnumPrinters.h">
      <Filter>Header Files</Filter>
    </ClInclude>
    <ClInclude Include="FileListCtrl.h">
      <Filter>Header Files</Filter>
    </ClInclude>
    <ClInclude Include="FileNameEditListBox1.h">
      <Filter>Header Files</Filter>
    </ClInclude>
    <ClInclude Include="GetDataFromIDFStartUpDlg.h">
      <Filter>Header Files</Filter>
    </ClInclude>
    <ClInclude Include="GetPds.h">
      <Filter>Header Files</Filter>
    </ClInclude>
    <ClInclude Include="GetPdsLineID.h">
      <Filter>Header Files</Filter>
    </ClInclude>
    <ClInclude Include="IDFFile.h">
      <Filter>Header Files</Filter>
    </ClInclude>
    <ClInclude Include="InPlaceEdit.h">
      <Filter>Header Files</Filter>
    </ClInclude>
    <ClInclude Include="InsertToPDSAttribute.h">
      <Filter>Header Files</Filter>
    </ClInclude>
    <ClInclude Include="IsoEditForm.h">
      <Filter>Header Files</Filter>
    </ClInclude>
    <ClInclude Include="IsoEditOptionDlg.h">
      <Filter>Header Files</Filter>
    </ClInclude>
    <ClInclude Include="IsoEditOptionDlg2.h">
      <Filter>Header Files</Filter>
    </ClInclude>
    <ClInclude Include="IsoEditSettingPage.h">
      <Filter>Header Files</Filter>
    </ClInclude>
    <ClInclude Include="IsoEditViewLogFileForm.h">
      <Filter>Header Files</Filter>
    </ClInclude>
    <ClInclude Include="IsoFileListCtrl.h">
      <Filter>Header Files</Filter>
    </ClInclude>
    <ClInclude Include="LineDataEditDlg.h">
      <Filter>Header Files</Filter>
    </ClInclude>
    <ClInclude Include="LineDataItemCombo.h">
      <Filter>Header Files</Filter>
    </ClInclude>
    <ClInclude Include="LineListConvertForm.h">
      <Filter>Header Files</Filter>
    </ClInclude>
    <ClInclude Include="LineListConvertOutputForm.h">
      <Filter>Header Files</Filter>
    </ClInclude>
    <ClInclude Include="LineListForm.h">
      <Filter>Header Files</Filter>
    </ClInclude>
    <ClInclude Include="LineListSelectOption1.h">
      <Filter>Header Files</Filter>
    </ClInclude>
    <ClInclude Include="LineListSelectOption2.h">
      <Filter>Header Files</Filter>
    </ClInclude>
    <ClInclude Include="MainFrm.h">
      <Filter>Header Files</Filter>
    </ClInclude>
    <ClInclude Include="NtrData.h">
      <Filter>Header Files</Filter>
    </ClInclude>
    <ClInclude Include="Options.h">
      <Filter>Header Files</Filter>
    </ClInclude>
    <ClInclude Include="OracleSettingPage.h">
      <Filter>Header Files</Filter>
    </ClInclude>
    <ClInclude Include="PDSOracle.h">
      <Filter>Header Files</Filter>
    </ClInclude>
    <ClInclude Include="PdTable121.h">
      <Filter>Header Files</Filter>
    </ClInclude>
    <ClInclude Include="PdTable122.h">
      <Filter>Header Files</Filter>
    </ClInclude>
    <ClInclude Include="PdTable126.h">
      <Filter>Header Files</Filter>
    </ClInclude>
    <ClInclude Include="Profile.h">
      <Filter>Header Files</Filter>
    </ClInclude>
    <ClInclude Include="QCCheck.h">
      <Filter>Header Files</Filter>
    </ClInclude>
    <ClInclude Include="QualifiedLineForm.h">
      <Filter>Header Files</Filter>
    </ClInclude>
    <ClInclude Include="Resource.h">
      <Filter>Header Files</Filter>
    </ClInclude>
    <ClInclude Include="ResourceSwitch.h">
      <Filter>Header Files</Filter>
    </ClInclude>
    <ClInclude Include="RevisionItemCombo.h">
      <Filter>Header Files</Filter>
    </ClInclude>
    <ClInclude Include="ScheduleTimerDlg.h">
      <Filter>Header Files</Filter>
    </ClInclude>
    <ClInclude Include="ScintillaWnd.h">
      <Filter>Header Files</Filter>
    </ClInclude>
    <ClInclude Include="SelectIssueDataDlg.h">
      <Filter>Header Files</Filter>
    </ClInclude>
    <ClInclude Include="singleinstance.h">
      <Filter>Header Files</Filter>
    </ClInclude>
    <ClInclude Include="SmartISOLog.h">
      <Filter>Header Files</Filter>
    </ClInclude>
    <ClInclude Include="SortSettingDlg.h">
      <Filter>Header Files</Filter>
    </ClInclude>
    <ClInclude Include="stdafx.h">
      <Filter>Header Files</Filter>
    </ClInclude>
    <ClInclude Include="StringHelper.h">
      <Filter>Header Files</Filter>
    </ClInclude>
    <ClInclude Include="targetver.h">
      <Filter>Header Files</Filter>
    </ClInclude>
    <ClInclude Include="UserApp.h">
      <Filter>Header Files</Filter>
    </ClInclude>
    <ClInclude Include="UserAppDoc.h">
      <Filter>Header Files</Filter>
    </ClInclude>
    <ClInclude Include="UserAppDocData.h">
      <Filter>Header Files</Filter>
    </ClInclude>
    <ClInclude Include="UserAppOutputWnd.h">
      <Filter>Header Files</Filter>
    </ClInclude>
    <ClInclude Include="UserAppSettingPage.h">
      <Filter>Header Files</Filter>
    </ClInclude>
    <ClInclude Include="UserAppSettingSheet.h">
      <Filter>Header Files</Filter>
    </ClInclude>
    <ClInclude Include="UserAppView.h">
      <Filter>Header Files</Filter>
    </ClInclude>
    <ClInclude Include="UserDefineWordCell.h">
      <Filter>Header Files</Filter>
    </ClInclude>
    <ClInclude Include="UserPropertyPage.h">
      <Filter>Header Files</Filter>
    </ClInclude>
    <ClInclude Include="VersionNo.h">
      <Filter>Header Files</Filter>
    </ClInclude>
    <ClInclude Include="ViewLogFileForm.h">
      <Filter>Header Files</Filter>
    </ClInclude>
    <ClInclude Include="WeldDetailBMFile.h">
      <Filter>Header Files</Filter>
    </ClInclude>
    <ClInclude Include="WeldDiaCheck.h">
      <Filter>Header Files</Filter>
    </ClInclude>
    <ClInclude Include="WorkspaceWnd.h">
      <Filter>Header Files</Filter>
    </ClInclude>
    <ClInclude Include="WorkStatusDlg.h">
      <Filter>Header Files</Filter>
    </ClInclude>
    <ClInclude Include="WritePds.h">
      <Filter>Header Files</Filter>
    </ClInclude>
    <ClInclude Include="BMLine.h">
      <Filter>Header Files</Filter>
    </ClInclude>
    <ClInclude Include="BackupDataOutputForm.h">
      <Filter>Header Files</Filter>
    </ClInclude>
    <ClInclude Include="BackupDataForm.h">
      <Filter>Header Files</Filter>
    </ClInclude>
    <ClInclude Include="BitmapComboBox.h">
      <Filter>Header Files</Filter>
    </ClInclude>
    <ClInclude Include="MFCTextColorListCtrl.h">
      <Filter>Header Files</Filter>
    </ClInclude>
    <ClInclude Include="MFCButtonEx.h">
      <Filter>Header Files</Filter>
    </ClInclude>
    <ClInclude Include="EditLineDataForm.h">
      <Filter>Header Files</Filter>
    </ClInclude>
  </ItemGroup>
  <ItemGroup>
    <None Include="res\add.ico">
      <Filter>Resource Files</Filter>
    </None>
    <None Include="res\area.ico">
      <Filter>Resource Files</Filter>
    </None>
    <None Include="res\bitmap1.bmp">
      <Filter>Resource Files</Filter>
    </None>
    <None Include="res\bmp00001.bmp">
      <Filter>Resource Files</Filter>
    </None>
    <None Include="res\bmp00002.bmp">
      <Filter>Resource Files</Filter>
    </None>
    <None Include="res\bmp00003.bmp">
      <Filter>Resource Files</Filter>
    </None>
    <None Include="res\bmp00004.bmp">
      <Filter>Resource Files</Filter>
    </None>
    <None Include="res\buttons.bmp">
      <Filter>Resource Files</Filter>
    </None>
    <None Include="res\commit.ico">
      <Filter>Resource Files</Filter>
    </None>
    <None Include="res\dabatase.ico">
      <Filter>Resource Files</Filter>
    </None>
    <None Include="res\default1.bin">
      <Filter>Resource Files</Filter>
    </None>
    <None Include="res\Del.ico">
      <Filter>Resource Files</Filter>
    </None>
    <None Include="res\filelarge.bmp">
      <Filter>Resource Files</Filter>
    </None>
    <None Include="res\filesmall.bmp">
      <Filter>Resource Files</Filter>
    </None>
    <None Include="res\fpoint.cur">
      <Filter>Resource Files</Filter>
    </None>
    <None Include="res\ico00001.ico">
      <Filter>Resource Files</Filter>
    </None>
    <None Include="res\ico00002.ico">
      <Filter>Resource Files</Filter>
    </None>
    <None Include="res\ico00003.ico">
      <Filter>Resource Files</Filter>
    </None>
    <None Include="res\ico00004.ico">
      <Filter>Resource Files</Filter>
    </None>
    <None Include="res\ico00005.ico">
      <Filter>Resource Files</Filter>
    </None>
    <None Include="res\ico00006.ico">
      <Filter>Resource Files</Filter>
    </None>
    <None Include="res\ico00007.ico">
      <Filter>Resource Files</Filter>
    </None>
    <None Include="res\ico00008.ico">
      <Filter>Resource Files</Filter>
    </None>
    <None Include="res\ico00009.ico">
      <Filter>Resource Files</Filter>
    </None>
    <None Include="res\ico00010.ico">
      <Filter>Resource Files</Filter>
    </None>
    <None Include="res\ico00011.ico">
      <Filter>Resource Files</Filter>
    </None>
    <None Include="res\ico00012.ico">
      <Filter>Resource Files</Filter>
    </None>
    <None Include="res\ico00013.ico">
      <Filter>Resource Files</Filter>
    </None>
    <None Include="res\ico00014.ico">
      <Filter>Resource Files</Filter>
    </None>
    <None Include="res\ico00015.ico">
      <Filter>Resource Files</Filter>
    </None>
    <None Include="res\ico00016.ico">
      <Filter>Resource Files</Filter>
    </None>
    <None Include="res\ico00017.ico">
      <Filter>Resource Files</Filter>
    </None>
    <None Include="res\ico00018.ico">
      <Filter>Resource Files</Filter>
    </None>
    <None Include="res\icon1.ico">
      <Filter>Resource Files</Filter>
    </None>
    <None Include="res\iso_edit_setting.ico">
      <Filter>Resource Files</Filter>
    </None>
    <None Include="res\LOGO.bmp">
      <Filter>Resource Files</Filter>
    </None>
    <None Include="res\main.bmp">
      <Filter>Resource Files</Filter>
    </None>
    <None Include="res\OK.ico">
      <Filter>Resource Files</Filter>
    </None>
    <None Include="res\plant.ico">
      <Filter>Resource Files</Filter>
    </None>
    <None Include="res\root.ico">
      <Filter>Resource Files</Filter>
    </None>
    <None Include="res\section.ico">
      <Filter>Resource Files</Filter>
    </None>
    <None Include="res\sort_incr.ico">
      <Filter>Resource Files</Filter>
    </None>
    <None Include="res\Toolbar.bmp">
      <Filter>Resource Files</Filter>
    </None>
    <None Include="res\toolbar1.bmp">
      <Filter>Resource Files</Filter>
    </None>
    <None Include="res\Toolbar256.bmp">
      <Filter>Resource Files</Filter>
    </None>
    <None Include="res\tree.bmp">
      <Filter>Resource Files</Filter>
    </None>
    <None Include="res\unit.ico">
      <Filter>Resource Files</Filter>
    </None>
    <None Include="res\UserApp.ico">
      <Filter>Resource Files</Filter>
    </None>
    <None Include="res\UserApp.rc2">
      <Filter>Resource Files</Filter>
    </None>
    <None Include="res\UserAppDoc.ico">
      <Filter>Resource Files</Filter>
    </None>
    <None Include="UserImages.bmp">
      <Filter>Resource Files</Filter>
    </None>
    <None Include="res\오른쪽 화살표1.ico">
      <Filter>Resource Files</Filter>
    </None>
    <None Include="res\왼쪽 화살표1.ico">
      <Filter>Resource Files</Filter>
    </None>
    <None Include="ReadMe.txt" />
  </ItemGroup>
  <ItemGroup>
    <ResourceCompile Include="UserApp.rc">
      <Filter>Resource Files</Filter>
    </ResourceCompile>
  </ItemGroup>
</Project>