<?xml version="1.0" encoding="utf-8"?>
<Project ToolsVersion="4.0" xmlns="http://schemas.microsoft.com/developer/msbuild/2003">
  <ItemGroup>
    <Filter Include="Source Files">
      <UniqueIdentifier>{cb38ae7c-cbb3-41cb-ae1e-6822ea1257e4}</UniqueIdentifier>
      <Extensions>cpp;c;cxx;rc;def;r;odl;idl;hpj;bat</Extensions>
    </Filter>
    <Filter Include="Header Files">
      <UniqueIdentifier>{812629bc-ce3a-4b13-a5c8-0910bb511962}</UniqueIdentifier>
      <Extensions>h;hpp;hxx;hm;inl</Extensions>
    </Filter>
    <Filter Include="Resource Files">
      <UniqueIdentifier>{acf7c1e5-e311-4f13-b8d3-1ee87cba0bb7}</UniqueIdentifier>
      <Extensions>ico;cur;bmp;dlg;rc2;rct;bin;rgs;gif;jpg;jpeg;jpe</Extensions>
    </Filter>
  </ItemGroup>
  <ItemGroup>
    <ClCompile Include="ActiveUser.cpp">
      <Filter>Source Files</Filter>
    </ClCompile>
    <ClCompile Include="BackupSystem.cpp">
      <Filter>Source Files</Filter>
    </ClCompile>
    <ClCompile Include="DataField.cpp">
      <Filter>Source Files</Filter>
    </ClCompile>
    <ClCompile Include="DataFieldSet.cpp">
      <Filter>Source Files</Filter>
    </ClCompile>
    <ClCompile Include="IssueDateRecord.cpp">
      <Filter>Source Files</Filter>
    </ClCompile>
    <ClCompile Include="IssueDateRecordSet.cpp">
      <Filter>Source Files</Filter>
    </ClCompile>
    <ClCompile Include="LineDataRecord.cpp">
      <Filter>Source Files</Filter>
    </ClCompile>
    <ClCompile Include="LineDataRecordSet.cpp">
      <Filter>Source Files</Filter>
    </ClCompile>
    <ClCompile Include="MaterialCodeTable.cpp">
      <Filter>Source Files</Filter>
    </ClCompile>
    <ClCompile Include="Module.cpp">
      <Filter>Source Files</Filter>
    </ClCompile>
    <ClCompile Include="ModuleData.cpp">
      <Filter>Source Files</Filter>
    </ClCompile>
    <ClCompile Include="Project.cpp">
      <Filter>Source Files</Filter>
    </ClCompile>
    <ClCompile Include="ProjectAccess.cpp">
      <Filter>Source Files</Filter>
    </ClCompile>
    <ClCompile Include="ProjectData.cpp">
      <Filter>Source Files</Filter>
    </ClCompile>
    <ClCompile Include="ResDataRecord.cpp">
      <Filter>Source Files</Filter>
    </ClCompile>
    <ClCompile Include="ReservedDataField.cpp">
      <Filter>Source Files</Filter>
    </ClCompile>
    <ClCompile Include="ReservedDataFieldSet.cpp">
      <Filter>Source Files</Filter>
    </ClCompile>
    <ClCompile Include="RevDataRecord.cpp">
      <Filter>Source Files</Filter>
    </ClCompile>
    <ClCompile Include="RevDataRecordSet.cpp">
      <Filter>Source Files</Filter>
    </ClCompile>
    <ClCompile Include="StdAfx.cpp">
      <Filter>Source Files</Filter>
    </ClCompile>
    <ClCompile Include="User.cpp">
      <Filter>Source Files</Filter>
    </ClCompile>
    <ClCompile Include="WeldDiaTable.cpp">
      <Filter>Source Files</Filter>
    </ClCompile>
    <ClCompile Include="AppPostgreSQL.cpp">
      <Filter>Source Files</Filter>
    </ClCompile>
  </ItemGroup>
  <ItemGroup>
    <ResourceCompile Include="Module.rc">
      <Filter>Source Files</Filter>
    </ResourceCompile>
  </ItemGroup>
  <ItemGroup>
    <ClInclude Include="ActiveUser.h">
      <Filter>Header Files</Filter>
    </ClInclude>
    <ClInclude Include="BackupSystem.h">
      <Filter>Header Files</Filter>
    </ClInclude>
    <ClInclude Include="CompareResult.h">
      <Filter>Header Files</Filter>
    </ClInclude>
    <ClInclude Include="DataField.h">
      <Filter>Header Files</Filter>
    </ClInclude>
    <ClInclude Include="DataFieldSet.h">
      <Filter>Header Files</Filter>
    </ClInclude>
    <ClInclude Include="IssueDateRecord.h">
      <Filter>Header Files</Filter>
    </ClInclude>
    <ClInclude Include="IssueDateRecordSet.h">
      <Filter>Header Files</Filter>
    </ClInclude>
    <ClInclude Include="LineDataRecord.h">
      <Filter>Header Files</Filter>
    </ClInclude>
    <ClInclude Include="LineDataRecordSet.h">
      <Filter>Header Files</Filter>
    </ClInclude>
    <ClInclude Include="MaterialCodeTable.h">
      <Filter>Header Files</Filter>
    </ClInclude>
    <ClInclude Include="Module.h">
      <Filter>Header Files</Filter>
    </ClInclude>
    <ClInclude Include="ModuleData.h">
      <Filter>Header Files</Filter>
    </ClInclude>
    <ClInclude Include="Project.h">
      <Filter>Header Files</Filter>
    </ClInclude>
    <ClInclude Include="ProjectAccess.h">
      <Filter>Header Files</Filter>
    </ClInclude>
    <ClInclude Include="ProjectData.h">
      <Filter>Header Files</Filter>
    </ClInclude>
    <ClInclude Include="ResDataRecord.h">
      <Filter>Header Files</Filter>
    </ClInclude>
    <ClInclude Include="ReservedDataFieldSet.h">
      <Filter>Header Files</Filter>
    </ClInclude>
    <ClInclude Include="Resource.h">
      <Filter>Header Files</Filter>
    </ClInclude>
    <ClInclude Include="RevDataRecord.h">
      <Filter>Header Files</Filter>
    </ClInclude>
    <ClInclude Include="RevDataRecordSet.h">
      <Filter>Header Files</Filter>
    </ClInclude>
    <ClInclude Include="StdAfx.h">
      <Filter>Header Files</Filter>
    </ClInclude>
    <ClInclude Include="SystemDb.h">
      <Filter>Header Files</Filter>
    </ClInclude>
    <ClInclude Include="User.h">
      <Filter>Header Files</Filter>
    </ClInclude>
    <ClInclude Include="UserDefinedRecord.h">
      <Filter>Header Files</Filter>
    </ClInclude>
    <ClInclude Include="UserDefinedTable.h">
      <Filter>Header Files</Filter>
    </ClInclude>
    <ClInclude Include="WeldDiaTable.h">
      <Filter>Header Files</Filter>
    </ClInclude>
    <ClInclude Include="AppPostgreSQL.h">
      <Filter>Header Files</Filter>
    </ClInclude>
  </ItemGroup>
  <ItemGroup>
    <None Include="res\Module.rc2">
      <Filter>Resource Files</Filter>
    </None>
    <None Include="ReadMe.txt" />
  </ItemGroup>
</Project>