<?xml version="1.0" encoding="utf-8"?>
<Project ToolsVersion="4.0" xmlns="http://schemas.microsoft.com/developer/msbuild/2003">
  <ItemGroup>
    <Filter Include="Source Files">
      <UniqueIdentifier>{4FC737F1-C7A5-4376-A066-2A32D752A2FF}</UniqueIdentifier>
      <Extensions>cpp;c;cc;cxx;def;odl;idl;hpj;bat;asm;asmx</Extensions>
    </Filter>
    <Filter Include="Header Files">
      <UniqueIdentifier>{93995380-89BD-4b04-88EB-625FBE52EBFB}</UniqueIdentifier>
      <Extensions>h;hpp;hxx;hm;inl;inc;xsd</Extensions>
    </Filter>
    <Filter Include="Resource Files">
      <UniqueIdentifier>{67DA6AB6-F800-4c08-8B7A-83BB121AAD01}</UniqueIdentifier>
      <Extensions>rc;ico;cur;bmp;dlg;rc2;rct;bin;rgs;gif;jpg;jpeg;jpe;resx;tiff;tif;png;wav</Extensions>
    </Filter>
    <Filter Include="LineDiff">
      <UniqueIdentifier>{99f703c9-3348-4945-947a-b4586cfc127d}</UniqueIdentifier>
    </Filter>
  </ItemGroup>
  <ItemGroup>
    <ClCompile Include="ArrowElement.cpp">
      <Filter>Source Files</Filter>
    </ClCompile>
    <ClCompile Include="AttributeElement.cpp">
      <Filter>Source Files</Filter>
    </ClCompile>
    <ClCompile Include="ConvexHull.cpp">
      <Filter>Source Files</Filter>
    </ClCompile>
    <ClCompile Include="DimElement.cpp">
      <Filter>Source Files</Filter>
    </ClCompile>
    <ClCompile Include="DimExtLineElement.cpp">
      <Filter>Source Files</Filter>
    </ClCompile>
    <ClCompile Include="DimLineElement.cpp">
      <Filter>Source Files</Filter>
    </ClCompile>
    <ClCompile Include="ElbowElement.cpp">
      <Filter>Source Files</Filter>
    </ClCompile>
    <ClCompile Include="InlineElement.cpp">
      <Filter>Source Files</Filter>
    </ClCompile>
    <ClCompile Include="IsoArea.cpp">
      <Filter>Source Files</Filter>
    </ClCompile>
    <ClCompile Include="IsoBMArea.cpp">
      <Filter>Source Files</Filter>
    </ClCompile>
    <ClCompile Include="IsoBMData.cpp">
      <Filter>Source Files</Filter>
    </ClCompile>
    <ClCompile Include="ISOElement.cpp">
      <Filter>Source Files</Filter>
    </ClCompile>
    <ClCompile Include="IsoModel.cpp">
      <Filter>Source Files</Filter>
    </ClCompile>
    <ClCompile Include="IsoModelDocData.cpp">
      <Filter>Source Files</Filter>
    </ClCompile>
    <ClCompile Include="IsoTitleBlockArea.cpp">
      <Filter>Source Files</Filter>
    </ClCompile>
    <ClCompile Include="IsoTitleBlockData.cpp">
      <Filter>Source Files</Filter>
    </ClCompile>
    <ClCompile Include="LeaderElement.cpp">
      <Filter>Source Files</Filter>
    </ClCompile>
    <ClCompile Include="Minball2dImpl.cpp">
      <Filter>Source Files</Filter>
    </ClCompile>
    <ClCompile Include="OletElement.cpp">
      <Filter>Source Files</Filter>
    </ClCompile>
    <ClCompile Include="PageConnectionElement.cpp">
      <Filter>Source Files</Filter>
    </ClCompile>
    <ClCompile Include="PipeElement.cpp">
      <Filter>Source Files</Filter>
    </ClCompile>
    <ClCompile Include="PipeRoutine.cpp">
      <Filter>Source Files</Filter>
    </ClCompile>
    <ClCompile Include="PipeSupportElement.cpp">
      <Filter>Source Files</Filter>
    </ClCompile>
    <ClCompile Include="ReducerElement.cpp">
      <Filter>Source Files</Filter>
    </ClCompile>
    <ClCompile Include="RWeldElement.cpp">
      <Filter>Source Files</Filter>
    </ClCompile>
    <ClCompile Include="SlopeAreaMarkElement.cpp">
      <Filter>Source Files</Filter>
    </ClCompile>
    <ClCompile Include="SmartISODiff.cpp">
      <Filter>Source Files</Filter>
    </ClCompile>
    <ClCompile Include="SmartISODiffDlg.cpp">
      <Filter>Source Files</Filter>
    </ClCompile>
    <ClCompile Include="stdafx.cpp">
      <Filter>Source Files</Filter>
    </ClCompile>
    <ClCompile Include="TeeElement.cpp">
      <Filter>Source Files</Filter>
    </ClCompile>
    <ClCompile Include="WeldMarkElement.cpp">
      <Filter>Source Files</Filter>
    </ClCompile>
    <ClCompile Include="aLineDiff\diff.cpp">
      <Filter>LineDiff</Filter>
    </ClCompile>
    <ClCompile Include="aLineDiff\DiffData.cpp">
      <Filter>LineDiff</Filter>
    </ClCompile>
  </ItemGroup>
  <ItemGroup>
    <None Include="SmartISODiff.def">
      <Filter>Source Files</Filter>
    </None>
    <None Include="SmartISODiff.bmp">
      <Filter>Resource Files</Filter>
    </None>
    <None Include="res\SmartISODiff.rc2">
      <Filter>Resource Files</Filter>
    </None>
    <None Include="toolbar1.bmp">
      <Filter>Resource Files</Filter>
    </None>
    <None Include="ReadMe.txt" />
  </ItemGroup>
  <ItemGroup>
    <ClInclude Include="ArrowElement.h">
      <Filter>Header Files</Filter>
    </ClInclude>
    <ClInclude Include="AttributeElement.h">
      <Filter>Header Files</Filter>
    </ClInclude>
    <ClInclude Include="ConvexHull.h">
      <Filter>Header Files</Filter>
    </ClInclude>
    <ClInclude Include="DefineISO.h">
      <Filter>Header Files</Filter>
    </ClInclude>
    <ClInclude Include="DimElement.h">
      <Filter>Header Files</Filter>
    </ClInclude>
    <ClInclude Include="DimExtLineElement.h">
      <Filter>Header Files</Filter>
    </ClInclude>
    <ClInclude Include="DimLineElement.h">
      <Filter>Header Files</Filter>
    </ClInclude>
    <ClInclude Include="ElbowElement.h">
      <Filter>Header Files</Filter>
    </ClInclude>
    <ClInclude Include="InlineElement.h">
      <Filter>Header Files</Filter>
    </ClInclude>
    <ClInclude Include="IsoArea.h">
      <Filter>Header Files</Filter>
    </ClInclude>
    <ClInclude Include="IsoBMArea.h">
      <Filter>Header Files</Filter>
    </ClInclude>
    <ClInclude Include="IsoBMData.h">
      <Filter>Header Files</Filter>
    </ClInclude>
    <ClInclude Include="ISOElement.h">
      <Filter>Header Files</Filter>
    </ClInclude>
    <ClInclude Include="IsoModel.h">
      <Filter>Header Files</Filter>
    </ClInclude>
    <ClInclude Include="IsoModelDocData.h">
      <Filter>Header Files</Filter>
    </ClInclude>
    <ClInclude Include="IsoTitleBlockArea.h">
      <Filter>Header Files</Filter>
    </ClInclude>
    <ClInclude Include="IsoTitleBlockData.h">
      <Filter>Header Files</Filter>
    </ClInclude>
    <ClInclude Include="LeaderElement.h">
      <Filter>Header Files</Filter>
    </ClInclude>
    <ClInclude Include="Minball2dImpl.h">
      <Filter>Header Files</Filter>
    </ClInclude>
    <ClInclude Include="OletElement.h">
      <Filter>Header Files</Filter>
    </ClInclude>
    <ClInclude Include="PageConnectionElement.h">
      <Filter>Header Files</Filter>
    </ClInclude>
    <ClInclude Include="PipeElement.h">
      <Filter>Header Files</Filter>
    </ClInclude>
    <ClInclude Include="PipeRoutine.h">
      <Filter>Header Files</Filter>
    </ClInclude>
    <ClInclude Include="PipeSupportElement.h">
      <Filter>Header Files</Filter>
    </ClInclude>
    <ClInclude Include="ReducerElement.h">
      <Filter>Header Files</Filter>
    </ClInclude>
    <ClInclude Include="Resource.h">
      <Filter>Header Files</Filter>
    </ClInclude>
    <ClInclude Include="Rev_Elem_Data.h">
      <Filter>Header Files</Filter>
    </ClInclude>
    <ClInclude Include="RWeldElement.h">
      <Filter>Header Files</Filter>
    </ClInclude>
    <ClInclude Include="SlopeAreaMarkElement.h">
      <Filter>Header Files</Filter>
    </ClInclude>
    <ClInclude Include="SmartISODiff.h">
      <Filter>Header Files</Filter>
    </ClInclude>
    <ClInclude Include="SmartISODiffDlg.h">
      <Filter>Header Files</Filter>
    </ClInclude>
    <ClInclude Include="SmartISODiffInf.h">
      <Filter>Header Files</Filter>
    </ClInclude>
    <ClInclude Include="stdafx.h">
      <Filter>Header Files</Filter>
    </ClInclude>
    <ClInclude Include="targetver.h">
      <Filter>Header Files</Filter>
    </ClInclude>
    <ClInclude Include="TeeElement.h">
      <Filter>Header Files</Filter>
    </ClInclude>
    <ClInclude Include="WeldMarkElement.h">
      <Filter>Header Files</Filter>
    </ClInclude>
    <ClInclude Include="aLineDiff\diff.h">
      <Filter>LineDiff</Filter>
    </ClInclude>
    <ClInclude Include="aLineDiff\DiffData.h">
      <Filter>LineDiff</Filter>
    </ClInclude>
  </ItemGroup>
  <ItemGroup>
    <ResourceCompile Include="SmartISODiff.rc">
      <Filter>Resource Files</Filter>
    </ResourceCompile>
  </ItemGroup>
</Project>